
Microsoft Visual Studio Solution File, Format Version 12.00
# Visual Studio Version 16
VisualStudioVersion = 16.0.30104.148
MinimumVisualStudioVersion = 10.0.40219.1
Project("{FAE04EC0-301F-11D3-BF4B-00C04F79EFBC}") = "StackDemoConsoleUI", "StackDemoConsoleUI\StackDemoConsoleUI.csproj", "{D0FA1D0A-482D-49AA-8ED6-68C767D4424B}"
EndProject
Global
	GlobalSection(SolutionConfigurationPlatforms) = preSolution
		Debug|Any CPU = Debug|Any CPU
		Release|Any CPU = Release|Any CPU
	EndGlobalSection
	GlobalSection(ProjectConfigurationPlatforms) = postSolution
		{D0FA1D0A-482D-49AA-8ED6-68C767D4424B}.Debug|Any CPU.ActiveCfg = Debug|Any CPU
		{D0FA1D0A-482D-49AA-8ED6-68C767D4424B}.Debug|Any CPU.Build.0 = Debug|Any CPU
		{D0FA1D0A-482D-49AA-8ED6-68C767D4424B}.Release|Any CPU.ActiveCfg = Release|Any CPU
		{D0FA1D0A-482D-49AA-8ED6-68C767D4424B}.Release|Any CPU.Build.0 = Release|Any CPU
	EndGlobalSection
	GlobalSection(SolutionProperties) = preSolution
		HideSolutionNode = FALSE
	EndGlobalSection
	GlobalSection(ExtensibilityGlobals) = postSolution
		SolutionGuid = {DA1CD93B-EB46-445B-9E69-036564D42926}
	EndGlobalSection
EndGlobal
